
Microsoft Visual Studio Solution File, Format Version 12.00
# Visual Studio 2012
Project("{8BC9CEB8-8B4A-11D0-8D11-00A0C91BC942}") = "SDL2Game", "SDL2Game\SDL2Game.vcxproj", "{78B795FD-7990-4F52-9720-C0CE2D5DF5D8}"
EndProject
Global
	GlobalSection(SolutionConfigurationPlatforms) = preSolution
		Debug|Win32 = Debug|Win32
		Release|Win32 = Release|Win32
	EndGlobalSection
	GlobalSection(ProjectConfigurationPlatforms) = postSolution
		{78B795FD-7990-4F52-9720-C0CE2D5DF5D8}.Debug|Win32.ActiveCfg = Debug|Win32
		{78B795FD-7990-4F52-9720-C0CE2D5DF5D8}.Debug|Win32.Build.0 = Debug|Win32
		{78B795FD-7990-4F52-9720-C0CE2D5DF5D8}.Release|Win32.ActiveCfg = Release|Win32
		{78B795FD-7990-4F52-9720-C0CE2D5DF5D8}.Release|Win32.Build.0 = Release|Win32
	EndGlobalSection
	GlobalSection(SolutionProperties) = preSolution
		HideSolutionNode = FALSE
	EndGlobalSection
EndGlobal
